// !$*UTF8*$!
{
	archiveVersion = 1;
	classes = {
	};
	objectVersion = 56;
	objects = {

/* Begin PBXBuildFile section */
		252C17DA2A164BAD006B48BB /* AppDelegate.swift in Sources */ = {isa = PBXBuildFile; fileRef = 252C17D92A164BAD006B48BB /* AppDelegate.swift */; };
		252C17DC2A164BAD006B48BB /* SceneDelegate.swift in Sources */ = {isa = PBXBuildFile; fileRef = 252C17DB2A164BAD006B48BB /* SceneDelegate.swift */; };
		252C17DE2A164BAD006B48BB /* WelcomeViewController.swift in Sources */ = {isa = PBXBuildFile; fileRef = 252C17DD2A164BAD006B48BB /* WelcomeViewController.swift */; };
		252C17E12A164BAD006B48BB /* Main.storyboard in Resources */ = {isa = PBXBuildFile; fileRef = 252C17DF2A164BAD006B48BB /* Main.storyboard */; };
		252C17E32A164BB0006B48BB /* Assets.xcassets in Resources */ = {isa = PBXBuildFile; fileRef = 252C17E22A164BB0006B48BB /* Assets.xcassets */; };
		252C17E62A164BB0006B48BB /* LaunchScreen.storyboard in Resources */ = {isa = PBXBuildFile; fileRef = 252C17E42A164BB0006B48BB /* LaunchScreen.storyboard */; };
		252C17EF2A164F4C006B48BB /* RegisterViewController.swift in Sources */ = {isa = PBXBuildFile; fileRef = 252C17EE2A164F4C006B48BB /* RegisterViewController.swift */; };
		252C17F22A165206006B48BB /* LoginViewController.swift in Sources */ = {isa = PBXBuildFile; fileRef = 252C17F12A165206006B48BB /* LoginViewController.swift */; };
		252C17F42A1653A7006B48BB /* ChatViewController.swift in Sources */ = {isa = PBXBuildFile; fileRef = 252C17F32A1653A7006B48BB /* ChatViewController.swift */; };
/* End PBXBuildFile section */

/* Begin PBXFileReference section */
		252C17D62A164BAD006B48BB /* FlashChatt.app */ = {isa = PBXFileReference; explicitFileType = wrapper.application; includeInIndex = 0; path = FlashChatt.app; sourceTree = BUILT_PRODUCTS_DIR; };
		252C17D92A164BAD006B48BB /* AppDelegate.swift */ = {isa = PBXFileReference; lastKnownFileType = sourcecode.swift; path = AppDelegate.swift; sourceTree = "<group>"; };
		252C17DB2A164BAD006B48BB /* SceneDelegate.swift */ = {isa = PBXFileReference; lastKnownFileType = sourcecode.swift; path = SceneDelegate.swift; sourceTree = "<group>"; };
		252C17DD2A164BAD006B48BB /* WelcomeViewController.swift */ = {isa = PBXFileReference; lastKnownFileType = sourcecode.swift; path = WelcomeViewController.swift; sourceTree = "<group>"; };
		252C17E02A164BAD006B48BB /* Base */ = {isa = PBXFileReference; lastKnownFileType = file.storyboard; name = Base; path = Base.lproj/Main.storyboard; sourceTree = "<group>"; };
		252C17E22A164BB0006B48BB /* Assets.xcassets */ = {isa = PBXFileReference; lastKnownFileType = folder.assetcatalog; path = Assets.xcassets; sourceTree = "<group>"; };
		252C17E52A164BB0006B48BB /* Base */ = {isa = PBXFileReference; lastKnownFileType = file.storyboard; name = Base; path = Base.lproj/LaunchScreen.storyboard; sourceTree = "<group>"; };
		252C17E72A164BB0006B48BB /* Info.plist */ = {isa = PBXFileReference; lastKnownFileType = text.plist.xml; path = Info.plist; sourceTree = "<group>"; };
		252C17EE2A164F4C006B48BB /* RegisterViewController.swift */ = {isa = PBXFileReference; lastKnownFileType = sourcecode.swift; path = RegisterViewController.swift; sourceTree = "<group>"; };
		252C17F12A165206006B48BB /* LoginViewController.swift */ = {isa = PBXFileReference; lastKnownFileType = sourcecode.swift; path = LoginViewController.swift; sourceTree = "<group>"; };
		252C17F32A1653A7006B48BB /* ChatViewController.swift */ = {isa = PBXFileReference; lastKnownFileType = sourcecode.swift; path = ChatViewController.swift; sourceTree = "<group>"; };
/* End PBXFileReference section */

/* Begin PBXFrameworksBuildPhase section */
		252C17D32A164BAC006B48BB /* Frameworks */ = {
			isa = PBXFrameworksBuildPhase;
			buildActionMask = 2147483647;
			files = (
			);
			runOnlyForDeploymentPostprocessing = 0;
		};
/* End PBXFrameworksBuildPhase section */

/* Begin PBXGroup section */
		252C17CD2A164BAC006B48BB = {
			isa = PBXGroup;
			children = (
				252C17D82A164BAD006B48BB /* FlashChatt */,
				252C17D72A164BAD006B48BB /* Products */,
			);
			sourceTree = "<group>";
		};
		252C17D72A164BAD006B48BB /* Products */ = {
			isa = PBXGroup;
			children = (
				252C17D62A164BAD006B48BB /* FlashChatt.app */,
			);
			name = Products;
			sourceTree = "<group>";
		};
		252C17D82A164BAD006B48BB /* FlashChatt */ = {
			isa = PBXGroup;
			children = (
				252C17D92A164BAD006B48BB /* AppDelegate.swift */,
				252C17DB2A164BAD006B48BB /* SceneDelegate.swift */,
				252C17F02A164F56006B48BB /* View */,
				252C17ED2A164F2A006B48BB /* Controllers */,
				252C17E22A164BB0006B48BB /* Assets.xcassets */,
				252C17E42A164BB0006B48BB /* LaunchScreen.storyboard */,
				252C17E72A164BB0006B48BB /* Info.plist */,
			);
			path = FlashChatt;
			sourceTree = "<group>";
		};
		252C17ED2A164F2A006B48BB /* Controllers */ = {
			isa = PBXGroup;
			children = (
				252C17DD2A164BAD006B48BB /* WelcomeViewController.swift */,
				252C17EE2A164F4C006B48BB /* RegisterViewController.swift */,
				252C17F12A165206006B48BB /* LoginViewController.swift */,
				252C17F32A1653A7006B48BB /* ChatViewController.swift */,
			);
			path = Controllers;
			sourceTree = "<group>";
		};
		252C17F02A164F56006B48BB /* View */ = {
			isa = PBXGroup;
			children = (
				252C17DF2A164BAD006B48BB /* Main.storyboard */,
			);
			path = View;
			sourceTree = "<group>";
		};
/* End PBXGroup section */

/* Begin PBXNativeTarget section */
		252C17D52A164BAC006B48BB /* FlashChatt */ = {
			isa = PBXNativeTarget;
			buildConfigurationList = 252C17EA2A164BB0006B48BB /* Build configuration list for PBXNativeTarget "FlashChatt" */;
			buildPhases = (
				252C17D22A164BAC006B48BB /* Sources */,
				252C17D32A164BAC006B48BB /* Frameworks */,
				252C17D42A164BAC006B48BB /* Resources */,
			);
			buildRules = (
			);
			dependencies = (
			);
			name = FlashChatt;
			productName = FlashChatt;
			productReference = 252C17D62A164BAD006B48BB /* FlashChatt.app */;
			productType = "com.apple.product-type.application";
		};
/* End PBXNativeTarget section */

/* Begin PBXProject section */
		252C17CE2A164BAC006B48BB /* Project object */ = {
			isa = PBXProject;
			attributes = {
				BuildIndependentTargetsInParallel = 1;
				LastSwiftUpdateCheck = 1420;
				LastUpgradeCheck = 1420;
				TargetAttributes = {
					252C17D52A164BAC006B48BB = {
						CreatedOnToolsVersion = 14.2;
					};
				};
			};
			buildConfigurationList = 252C17D12A164BAC006B48BB /* Build configuration list for PBXProject "FlashChatt" */;
			compatibilityVersion = "Xcode 14.0";
			developmentRegion = en;
			hasScannedForEncodings = 0;
			knownRegions = (
				en,
				Base,
			);
			mainGroup = 252C17CD2A164BAC006B48BB;
			productRefGroup = 252C17D72A164BAD006B48BB /* Products */;
			projectDirPath = "";
			projectRoot = "";
			targets = (
				252C17D52A164BAC006B48BB /* FlashChatt */,
			);
		};
/* End PBXProject section */

/* Begin PBXResourcesBuildPhase section */
		252C17D42A164BAC006B48BB /* Resources */ = {
			isa = PBXResourcesBuildPhase;
			buildActionMask = 2147483647;
			files = (
				252C17E62A164BB0006B48BB /* LaunchScreen.storyboard in Resources */,
				252C17E32A164BB0006B48BB /* Assets.xcassets in Resources */,
				252C17E12A164BAD006B48BB /* Main.storyboard in Resources */,
			);
			runOnlyForDeploymentPostprocessing = 0;
		};
/* End PBXResourcesBuildPhase section */

/* Begin PBXSourcesBuildPhase section */
		252C17D22A164BAC006B48BB /* Sources */ = {
			isa = PBXSourcesBuildPhase;
			buildActionMask = 2147483647;
			files = (
				252C17DE2A164BAD006B48BB /* WelcomeViewController.swift in Sources */,
				252C17DA2A164BAD006B48BB /* AppDelegate.swift in Sources */,
				252C17DC2A164BAD006B48BB /* SceneDelegate.swift in Sources */,
				252C17F22A165206006B48BB /* LoginViewController.swift in Sources */,
				252C17F42A1653A7006B48BB /* ChatViewController.swift in Sources */,
				252C17EF2A164F4C006B48BB /* RegisterViewController.swift in Sources */,
			);
			runOnlyForDeploymentPostprocessing = 0;
		};
/* End PBXSourcesBuildPhase section */

/* Begin PBXVariantGroup section */
		252C17DF2A164BAD006B48BB /* Main.storyboard */ = {
			isa = PBXVariantGroup;
			children = (
				252C17E02A164BAD006B48BB /* Base */,
			);
			name = Main.storyboard;
			sourceTree = "<group>";
		};
		252C17E42A164BB0006B48BB /* LaunchScreen.storyboard */ = {
			isa = PBXVariantGroup;
			children = (
				252C17E52A164BB0006B48BB /* Base */,
			);
			name = LaunchScreen.storyboard;
			sourceTree = "<group>";
		};
/* End PBXVariantGroup section */

/* Begin XCBuildConfiguration section */
		252C17E82A164BB0006B48BB /* Debug */ = {
			isa = XCBuildConfiguration;
			buildSettings = {
				ALWAYS_SEARCH_USER_PATHS = NO;
				CLANG_ANALYZER_NONNULL = YES;
				CLANG_ANALYZER_NUMBER_OBJECT_CONVERSION = YES_AGGRESSIVE;
				CLANG_CXX_LANGUAGE_STANDARD = "gnu++20";
				CLANG_ENABLE_MODULES = YES;
				CLANG_ENABLE_OBJC_ARC = YES;
				CLANG_ENABLE_OBJC_WEAK = YES;
				CLANG_WARN_BLOCK_CAPTURE_AUTORELEASING = YES;
				CLANG_WARN_BOOL_CONVERSION = YES;
				CLANG_WARN_COMMA = YES;
				CLANG_WARN_CONSTANT_CONVERSION = YES;
				CLANG_WARN_DEPRECATED_OBJC_IMPLEMENTATIONS = YES;
				CLANG_WARN_DIRECT_OBJC_ISA_USAGE = YES_ERROR;
				CLANG_WARN_DOCUMENTATION_COMMENTS = YES;
				CLANG_WARN_EMPTY_BODY = YES;
				CLANG_WARN_ENUM_CONVERSION = YES;
				CLANG_WARN_INFINITE_RECURSION = YES;
				CLANG_WARN_INT_CONVERSION = YES;
				CLANG_WARN_NON_LITERAL_NULL_CONVERSION = YES;
				CLANG_WARN_OBJC_IMPLICIT_RETAIN_SELF = YES;
				CLANG_WARN_OBJC_LITERAL_CONVERSION = YES;
				CLANG_WARN_OBJC_ROOT_CLASS = YES_ERROR;
				CLANG_WARN_QUOTED_INCLUDE_IN_FRAMEWORK_HEADER = YES;
				CLANG_WARN_RANGE_LOOP_ANALYSIS = YES;
				CLANG_WARN_STRICT_PROTOTYPES = YES;
				CLANG_WARN_SUSPICIOUS_MOVE = YES;
				CLANG_WARN_UNGUARDED_AVAILABILITY = YES_AGGRESSIVE;
				CLANG_WARN_UNREACHABLE_CODE = YES;
				CLANG_WARN__DUPLICATE_METHOD_MATCH = YES;
				COPY_PHASE_STRIP = NO;
				DEBUG_INFORMATION_FORMAT = dwarf;
				ENABLE_STRICT_OBJC_MSGSEND = YES;
				ENABLE_TESTABILITY = YES;
				GCC_C_LANGUAGE_STANDARD = gnu11;
				GCC_DYNAMIC_NO_PIC = NO;
				GCC_NO_COMMON_BLOCKS = YES;
				GCC_OPTIMIZATION_LEVEL = 0;
				GCC_PREPROCESSOR_DEFINITIONS = (
					"DEBUG=1",
					"$(inherited)",
				);
				GCC_WARN_64_TO_32_BIT_CONVERSION = YES;
				GCC_WARN_ABOUT_RETURN_TYPE = YES_ERROR;
				GCC_WARN_UNDECLARED_SELECTOR = YES;
				GCC_WARN_UNINITIALIZED_AUTOS = YES_AGGRESSIVE;
				GCC_WARN_UNUSED_FUNCTION = YES;
				GCC_WARN_UNUSED_VARIABLE = YES;
				IPHONEOS_DEPLOYMENT_TARGET = 16.2;
				MTL_ENABLE_DEBUG_INFO = INCLUDE_SOURCE;
				MTL_FAST_MATH = YES;
				ONLY_ACTIVE_ARCH = YES;
				SDKROOT = iphoneos;
				SWIFT_ACTIVE_COMPILATION_CONDITIONS = DEBUG;
				SWIFT_OPTIMIZATION_LEVEL = "-Onone";
			};
			name = Debug;
		};
		252C17E92A164BB0006B48BB /* Release */ = {
			isa = XCBuildConfiguration;
			buildSettings = {
				ALWAYS_SEARCH_USER_PATHS = NO;
				CLANG_ANALYZER_NONNULL = YES;
				CLANG_ANALYZER_NUMBER_OBJECT_CONVERSION = YES_AGGRESSIVE;
				CLANG_CXX_LANGUAGE_STANDARD = "gnu++20";
				CLANG_ENABLE_MODULES = YES;
				CLANG_ENABLE_OBJC_ARC = YES;
				CLANG_ENABLE_OBJC_WEAK = YES;
				CLANG_WARN_BLOCK_CAPTURE_AUTORELEASING = YES;
				CLANG_WARN_BOOL_CONVERSION = YES;
				CLANG_WARN_COMMA = YES;
				CLANG_WARN_CONSTANT_CONVERSION = YES;
				CLANG_WARN_DEPRECATED_OBJC_IMPLEMENTATIONS = YES;
				CLANG_WARN_DIRECT_OBJC_ISA_USAGE = YES_ERROR;
				CLANG_WARN_DOCUMENTATION_COMMENTS = YES;
				CLANG_WARN_EMPTY_BODY = YES;
				CLANG_WARN_ENUM_CONVERSION = YES;
				CLANG_WARN_INFINITE_RECURSION = YES;
				CLANG_WARN_INT_CONVERSION = YES;
				CLANG_WARN_NON_LITERAL_NULL_CONVERSION = YES;
				CLANG_WARN_OBJC_IMPLICIT_RETAIN_SELF = YES;
				CLANG_WARN_OBJC_LITERAL_CONVERSION = YES;
				CLANG_WARN_OBJC_ROOT_CLASS = YES_ERROR;
				CLANG_WARN_QUOTED_INCLUDE_IN_FRAMEWORK_HEADER = YES;
				CLANG_WARN_RANGE_LOOP_ANALYSIS = YES;
				CLANG_WARN_STRICT_PROTOTYPES = YES;
				CLANG_WARN_SUSPICIOUS_MOVE = YES;
				CLANG_WARN_UNGUARDED_AVAILABILITY = YES_AGGRESSIVE;
				CLANG_WARN_UNREACHABLE_CODE = YES;
				CLANG_WARN__DUPLICATE_METHOD_MATCH = YES;
				COPY_PHASE_STRIP = NO;
				DEBUG_INFORMATION_FORMAT = "dwarf-with-dsym";
				ENABLE_NS_ASSERTIONS = NO;
				ENABLE_STRICT_OBJC_MSGSEND = YES;
				GCC_C_LANGUAGE_STANDARD = gnu11;
				GCC_NO_COMMON_BLOCKS = YES;
				GCC_WARN_64_TO_32_BIT_CONVERSION = YES;
				GCC_WARN_ABOUT_RETURN_TYPE = YES_ERROR;
				GCC_WARN_UNDECLARED_SELECTOR = YES;
				GCC_WARN_UNINITIALIZED_AUTOS = YES_AGGRESSIVE;
				GCC_WARN_UNUSED_FUNCTION = YES;
				GCC_WARN_UNUSED_VARIABLE = YES;
				IPHONEOS_DEPLOYMENT_TARGET = 16.2;
				MTL_ENABLE_DEBUG_INFO = NO;
				MTL_FAST_MATH = YES;
				SDKROOT = iphoneos;
				SWIFT_COMPILATION_MODE = wholemodule;
				SWIFT_OPTIMIZATION_LEVEL = "-O";
				VALIDATE_PRODUCT = YES;
			};
			name = Release;
		};
		252C17EB2A164BB0006B48BB /* Debug */ = {
			isa = XCBuildConfiguration;
			buildSettings = {
				ASSETCATALOG_COMPILER_APPICON_NAME = AppIcon;
				ASSETCATALOG_COMPILER_GLOBAL_ACCENT_COLOR_NAME = AccentColor;
				CODE_SIGN_STYLE = Automatic;
				CURRENT_PROJECT_VERSION = 1;
				GENERATE_INFOPLIST_FILE = YES;
				INFOPLIST_FILE = FlashChatt/Info.plist;
				INFOPLIST_KEY_UIApplicationSupportsIndirectInputEvents = YES;
				INFOPLIST_KEY_UILaunchStoryboardName = LaunchScreen;
				INFOPLIST_KEY_UIMainStoryboardFile = Main;
				INFOPLIST_KEY_UISupportedInterfaceOrientations_iPad = "UIInterfaceOrientationPortrait UIInterfaceOrientationPortraitUpsideDown UIInterfaceOrientationLandscapeLeft UIInterfaceOrientationLandscapeRight";
				INFOPLIST_KEY_UISupportedInterfaceOrientations_iPhone = "UIInterfaceOrientationPortrait UIInterfaceOrientationLandscapeLeft UIInterfaceOrientationLandscapeRight";
				LD_RUNPATH_SEARCH_PATHS = (
					"$(inherited)",
					"@executable_path/Frameworks",
				);
				MARKETING_VERSION = 1.0;
				PRODUCT_BUNDLE_IDENTIFIER = gogina.FlashChatt;
				PRODUCT_NAME = "$(TARGET_NAME)";
				SWIFT_EMIT_LOC_STRINGS = YES;
				SWIFT_VERSION = 5.0;
				TARGETED_DEVICE_FAMILY = "1,2";
			};
			name = Debug;
		};
		252C17EC2A164BB0006B48BB /* Release */ = {
			isa = XCBuildConfiguration;
			buildSettings = {
				ASSETCATALOG_COMPILER_APPICON_NAME = AppIcon;
				ASSETCATALOG_COMPILER_GLOBAL_ACCENT_COLOR_NAME = AccentColor;
				CODE_SIGN_STYLE = Automatic;
				CURRENT_PROJECT_VERSION = 1;
				GENERATE_INFOPLIST_FILE = YES;
				INFOPLIST_FILE = FlashChatt/Info.plist;
				INFOPLIST_KEY_UIApplicationSupportsIndirectInputEvents = YES;
				INFOPLIST_KEY_UILaunchStoryboardName = LaunchScreen;
				INFOPLIST_KEY_UIMainStoryboardFile = Main;
				INFOPLIST_KEY_UISupportedInterfaceOrientations_iPad = "UIInterfaceOrientationPortrait UIInterfaceOrientationPortraitUpsideDown UIInterfaceOrientationLandscapeLeft UIInterfaceOrientationLandscapeRight";
				INFOPLIST_KEY_UISupportedInterfaceOrientations_iPhone = "UIInterfaceOrientationPortrait UIInterfaceOrientationLandscapeLeft UIInterfaceOrientationLandscapeRight";
				LD_RUNPATH_SEARCH_PATHS = (
					"$(inherited)",
					"@executable_path/Frameworks",
				);
				MARKETING_VERSION = 1.0;
				PRODUCT_BUNDLE_IDENTIFIER = gogina.FlashChatt;
				PRODUCT_NAME = "$(TARGET_NAME)";
				SWIFT_EMIT_LOC_STRINGS = YES;
				SWIFT_VERSION = 5.0;
				TARGETED_DEVICE_FAMILY = "1,2";
			};
			name = Release;
		};
/* End XCBuildConfiguration section */

/* Begin XCConfigurationList section */
		252C17D12A164BAC006B48BB /* Build configuration list for PBXProject "FlashChatt" */ = {
			isa = XCConfigurationList;
			buildConfigurations = (
				252C17E82A164BB0006B48BB /* Debug */,
				252C17E92A164BB0006B48BB /* Release */,
			);
			defaultConfigurationIsVisible = 0;
			defaultConfigurationName = Release;
		};
		252C17EA2A164BB0006B48BB /* Build configuration list for PBXNativeTarget "FlashChatt" */ = {
			isa = XCConfigurationList;
			buildConfigurations = (
				252C17EB2A164BB0006B48BB /* Debug */,
				252C17EC2A164BB0006B48BB /* Release */,
			);
			defaultConfigurationIsVisible = 0;
			defaultConfigurationName = Release;
		};
/* End XCConfigurationList section */
	};
	rootObject = 252C17CE2A164BAC006B48BB /* Project object */;
}
