// !$*UTF8*$!
{
	archiveVersion = 1;
	classes = {
	};
	objectVersion = 56;
	objects = {

/* Begin PBXBuildFile section */
		252C17DA2A164BAD006B48BB /* AppDelegate.swift in Sources */ = {isa = PBXBuildFile; fileRef = 252C17D92A164BAD006B48BB /* AppDelegate.swift */; };
		252C17DC2A164BAD006B48BB /* SceneDelegate.swift in Sources */ = {isa = PBXBuildFile; fileRef = 252C17DB2A164BAD006B48BB /* SceneDelegate.swift */; };
		252C17E12A164BAD006B48BB /* Main.storyboard in Resources */ = {isa = PBXBuildFile; fileRef = 252C17DF2A164BAD006B48BB /* Main.storyboard */; };
		252C17E32A164BB0006B48BB /* Assets.xcassets in Resources */ = {isa = PBXBuildFile; fileRef = 252C17E22A164BB0006B48BB /* Assets.xcassets */; };
		252C17E62A164BB0006B48BB /* LaunchScreen.storyboard in Resources */ = {isa = PBXBuildFile; fileRef = 252C17E42A164BB0006B48BB /* LaunchScreen.storyboard */; };
		252C17EF2A164F4C006B48BB /* RegisterViewController.swift in Sources */ = {isa = PBXBuildFile; fileRef = 252C17EE2A164F4C006B48BB /* RegisterViewController.swift */; };
		252C17F22A165206006B48BB /* LoginViewController.swift in Sources */ = {isa = PBXBuildFile; fileRef = 252C17F12A165206006B48BB /* LoginViewController.swift */; };
		252C17F42A1653A7006B48BB /* ChatViewController.swift in Sources */ = {isa = PBXBuildFile; fileRef = 252C17F32A1653A7006B48BB /* ChatViewController.swift */; };
		252C17F62A165523006B48BB /* GoogleService-Info.plist in Resources */ = {isa = PBXBuildFile; fileRef = 252C17F52A165522006B48BB /* GoogleService-Info.plist */; };
		252C17F92A165925006B48BB /* FirebaseAnalytics in Frameworks */ = {isa = PBXBuildFile; productRef = 252C17F82A165925006B48BB /* FirebaseAnalytics */; };
		252C17FB2A165925006B48BB /* FirebaseAnalyticsOnDeviceConversion in Frameworks */ = {isa = PBXBuildFile; productRef = 252C17FA2A165925006B48BB /* FirebaseAnalyticsOnDeviceConversion */; };
		252C17FD2A165925006B48BB /* FirebaseAnalyticsSwift in Frameworks */ = {isa = PBXBuildFile; productRef = 252C17FC2A165925006B48BB /* FirebaseAnalyticsSwift */; };
		252C17FF2A165925006B48BB /* FirebaseAnalyticsWithoutAdIdSupport in Frameworks */ = {isa = PBXBuildFile; productRef = 252C17FE2A165925006B48BB /* FirebaseAnalyticsWithoutAdIdSupport */; };
		252C18012A165925006B48BB /* FirebaseAppCheck in Frameworks */ = {isa = PBXBuildFile; productRef = 252C18002A165925006B48BB /* FirebaseAppCheck */; };
		252C18032A165925006B48BB /* FirebaseAppDistribution-Beta in Frameworks */ = {isa = PBXBuildFile; productRef = 252C18022A165925006B48BB /* FirebaseAppDistribution-Beta */; };
		252C18052A165925006B48BB /* FirebaseAuth in Frameworks */ = {isa = PBXBuildFile; productRef = 252C18042A165925006B48BB /* FirebaseAuth */; };
		252C18072A165925006B48BB /* FirebaseAuthCombine-Community in Frameworks */ = {isa = PBXBuildFile; productRef = 252C18062A165925006B48BB /* FirebaseAuthCombine-Community */; };
		252C18092A165925006B48BB /* FirebaseCrashlytics in Frameworks */ = {isa = PBXBuildFile; productRef = 252C18082A165925006B48BB /* FirebaseCrashlytics */; };
		252C180B2A165925006B48BB /* FirebaseDatabase in Frameworks */ = {isa = PBXBuildFile; productRef = 252C180A2A165925006B48BB /* FirebaseDatabase */; };
		252C180D2A165925006B48BB /* FirebaseDatabaseSwift in Frameworks */ = {isa = PBXBuildFile; productRef = 252C180C2A165925006B48BB /* FirebaseDatabaseSwift */; };
		252C180F2A165925006B48BB /* FirebaseDynamicLinks in Frameworks */ = {isa = PBXBuildFile; productRef = 252C180E2A165925006B48BB /* FirebaseDynamicLinks */; };
		252C18112A165925006B48BB /* FirebaseFirestore in Frameworks */ = {isa = PBXBuildFile; productRef = 252C18102A165925006B48BB /* FirebaseFirestore */; };
		252C18132A165925006B48BB /* FirebaseFirestoreCombine-Community in Frameworks */ = {isa = PBXBuildFile; productRef = 252C18122A165925006B48BB /* FirebaseFirestoreCombine-Community */; };
		252C18152A165925006B48BB /* FirebaseFirestoreSwift in Frameworks */ = {isa = PBXBuildFile; productRef = 252C18142A165925006B48BB /* FirebaseFirestoreSwift */; };
		252C18172A165925006B48BB /* FirebaseFunctions in Frameworks */ = {isa = PBXBuildFile; productRef = 252C18162A165925006B48BB /* FirebaseFunctions */; };
		252C18192A165925006B48BB /* FirebaseFunctionsCombine-Community in Frameworks */ = {isa = PBXBuildFile; productRef = 252C18182A165925006B48BB /* FirebaseFunctionsCombine-Community */; };
		252C181B2A165925006B48BB /* FirebaseInAppMessaging-Beta in Frameworks */ = {isa = PBXBuildFile; productRef = 252C181A2A165925006B48BB /* FirebaseInAppMessaging-Beta */; };
		252C181D2A165926006B48BB /* FirebaseInAppMessagingSwift-Beta in Frameworks */ = {isa = PBXBuildFile; productRef = 252C181C2A165926006B48BB /* FirebaseInAppMessagingSwift-Beta */; };
		252C181F2A165926006B48BB /* FirebaseInstallations in Frameworks */ = {isa = PBXBuildFile; productRef = 252C181E2A165926006B48BB /* FirebaseInstallations */; };
		252C18212A165926006B48BB /* FirebaseMLModelDownloader in Frameworks */ = {isa = PBXBuildFile; productRef = 252C18202A165926006B48BB /* FirebaseMLModelDownloader */; };
		252C18232A165926006B48BB /* FirebaseMessaging in Frameworks */ = {isa = PBXBuildFile; productRef = 252C18222A165926006B48BB /* FirebaseMessaging */; };
		252C18252A165926006B48BB /* FirebasePerformance in Frameworks */ = {isa = PBXBuildFile; productRef = 252C18242A165926006B48BB /* FirebasePerformance */; };
		252C18272A165926006B48BB /* FirebaseRemoteConfig in Frameworks */ = {isa = PBXBuildFile; productRef = 252C18262A165926006B48BB /* FirebaseRemoteConfig */; };
		252C18292A165926006B48BB /* FirebaseRemoteConfigSwift in Frameworks */ = {isa = PBXBuildFile; productRef = 252C18282A165926006B48BB /* FirebaseRemoteConfigSwift */; };
		252C182B2A165926006B48BB /* FirebaseStorage in Frameworks */ = {isa = PBXBuildFile; productRef = 252C182A2A165926006B48BB /* FirebaseStorage */; };
		252C182D2A165926006B48BB /* FirebaseStorageCombine-Community in Frameworks */ = {isa = PBXBuildFile; productRef = 252C182C2A165926006B48BB /* FirebaseStorageCombine-Community */; };
		252C182F2A165C16006B48BB /* WelcomeViewController.swift in Sources */ = {isa = PBXBuildFile; fileRef = 252C182E2A165C16006B48BB /* WelcomeViewController.swift */; };
/* End PBXBuildFile section */

/* Begin PBXFileReference section */
		252C17D62A164BAD006B48BB /* FlashChatt.app */ = {isa = PBXFileReference; explicitFileType = wrapper.application; includeInIndex = 0; path = FlashChatt.app; sourceTree = BUILT_PRODUCTS_DIR; };
		252C17D92A164BAD006B48BB /* AppDelegate.swift */ = {isa = PBXFileReference; lastKnownFileType = sourcecode.swift; path = AppDelegate.swift; sourceTree = "<group>"; };
		252C17DB2A164BAD006B48BB /* SceneDelegate.swift */ = {isa = PBXFileReference; lastKnownFileType = sourcecode.swift; path = SceneDelegate.swift; sourceTree = "<group>"; };
		252C17E02A164BAD006B48BB /* Base */ = {isa = PBXFileReference; lastKnownFileType = file.storyboard; name = Base; path = Base.lproj/Main.storyboard; sourceTree = "<group>"; };
		252C17E22A164BB0006B48BB /* Assets.xcassets */ = {isa = PBXFileReference; lastKnownFileType = folder.assetcatalog; path = Assets.xcassets; sourceTree = "<group>"; };
		252C17E52A164BB0006B48BB /* Base */ = {isa = PBXFileReference; lastKnownFileType = file.storyboard; name = Base; path = Base.lproj/LaunchScreen.storyboard; sourceTree = "<group>"; };
		252C17E72A164BB0006B48BB /* Info.plist */ = {isa = PBXFileReference; lastKnownFileType = text.plist.xml; path = Info.plist; sourceTree = "<group>"; };
		252C17EE2A164F4C006B48BB /* RegisterViewController.swift */ = {isa = PBXFileReference; lastKnownFileType = sourcecode.swift; path = RegisterViewController.swift; sourceTree = "<group>"; };
		252C17F12A165206006B48BB /* LoginViewController.swift */ = {isa = PBXFileReference; lastKnownFileType = sourcecode.swift; path = LoginViewController.swift; sourceTree = "<group>"; };
		252C17F32A1653A7006B48BB /* ChatViewController.swift */ = {isa = PBXFileReference; lastKnownFileType = sourcecode.swift; path = ChatViewController.swift; sourceTree = "<group>"; };
		252C17F52A165522006B48BB /* GoogleService-Info.plist */ = {isa = PBXFileReference; fileEncoding = 4; lastKnownFileType = text.plist.xml; path = "GoogleService-Info.plist"; sourceTree = "<group>"; };
		252C182E2A165C16006B48BB /* WelcomeViewController.swift */ = {isa = PBXFileReference; lastKnownFileType = sourcecode.swift; path = WelcomeViewController.swift; sourceTree = "<group>"; };
/* End PBXFileReference section */

/* Begin PBXFrameworksBuildPhase section */
		252C17D32A164BAC006B48BB /* Frameworks */ = {
			isa = PBXFrameworksBuildPhase;
			buildActionMask = 2147483647;
			files = (
				252C180B2A165925006B48BB /* FirebaseDatabase in Frameworks */,
				252C18192A165925006B48BB /* FirebaseFunctionsCombine-Community in Frameworks */,
				252C18112A165925006B48BB /* FirebaseFirestore in Frameworks */,
				252C17FD2A165925006B48BB /* FirebaseAnalyticsSwift in Frameworks */,
				252C17F92A165925006B48BB /* FirebaseAnalytics in Frameworks */,
				252C17FB2A165925006B48BB /* FirebaseAnalyticsOnDeviceConversion in Frameworks */,
				252C18212A165926006B48BB /* FirebaseMLModelDownloader in Frameworks */,
				252C18152A165925006B48BB /* FirebaseFirestoreSwift in Frameworks */,
				252C18012A165925006B48BB /* FirebaseAppCheck in Frameworks */,
				252C17FF2A165925006B48BB /* FirebaseAnalyticsWithoutAdIdSupport in Frameworks */,
				252C18052A165925006B48BB /* FirebaseAuth in Frameworks */,
				252C18092A165925006B48BB /* FirebaseCrashlytics in Frameworks */,
				252C18292A165926006B48BB /* FirebaseRemoteConfigSwift in Frameworks */,
				252C181B2A165925006B48BB /* FirebaseInAppMessaging-Beta in Frameworks */,
				252C180D2A165925006B48BB /* FirebaseDatabaseSwift in Frameworks */,
				252C18172A165925006B48BB /* FirebaseFunctions in Frameworks */,
				252C182D2A165926006B48BB /* FirebaseStorageCombine-Community in Frameworks */,
				252C18272A165926006B48BB /* FirebaseRemoteConfig in Frameworks */,
				252C18032A165925006B48BB /* FirebaseAppDistribution-Beta in Frameworks */,
				252C18072A165925006B48BB /* FirebaseAuthCombine-Community in Frameworks */,
				252C18252A165926006B48BB /* FirebasePerformance in Frameworks */,
				252C181D2A165926006B48BB /* FirebaseInAppMessagingSwift-Beta in Frameworks */,
				252C182B2A165926006B48BB /* FirebaseStorage in Frameworks */,
				252C180F2A165925006B48BB /* FirebaseDynamicLinks in Frameworks */,
				252C18132A165925006B48BB /* FirebaseFirestoreCombine-Community in Frameworks */,
				252C18232A165926006B48BB /* FirebaseMessaging in Frameworks */,
				252C181F2A165926006B48BB /* FirebaseInstallations in Frameworks */,
			);
			runOnlyForDeploymentPostprocessing = 0;
		};
/* End PBXFrameworksBuildPhase section */

/* Begin PBXGroup section */
		252C17CD2A164BAC006B48BB = {
			isa = PBXGroup;
			children = (
				252C17D82A164BAD006B48BB /* FlashChatt */,
				252C17D72A164BAD006B48BB /* Products */,
			);
			sourceTree = "<group>";
		};
		252C17D72A164BAD006B48BB /* Products */ = {
			isa = PBXGroup;
			children = (
				252C17D62A164BAD006B48BB /* FlashChatt.app */,
			);
			name = Products;
			sourceTree = "<group>";
		};
		252C17D82A164BAD006B48BB /* FlashChatt */ = {
			isa = PBXGroup;
			children = (
				252C17D92A164BAD006B48BB /* AppDelegate.swift */,
				252C17DB2A164BAD006B48BB /* SceneDelegate.swift */,
				252C17F02A164F56006B48BB /* View */,
				252C17ED2A164F2A006B48BB /* Controllers */,
				252C17E22A164BB0006B48BB /* Assets.xcassets */,
				252C17E42A164BB0006B48BB /* LaunchScreen.storyboard */,
				252C17E72A164BB0006B48BB /* Info.plist */,
				252C17F52A165522006B48BB /* GoogleService-Info.plist */,
			);
			path = FlashChatt;
			sourceTree = "<group>";
		};
		252C17ED2A164F2A006B48BB /* Controllers */ = {
			isa = PBXGroup;
			children = (
				252C182E2A165C16006B48BB /* WelcomeViewController.swift */,
				252C17EE2A164F4C006B48BB /* RegisterViewController.swift */,
				252C17F12A165206006B48BB /* LoginViewController.swift */,
				252C17F32A1653A7006B48BB /* ChatViewController.swift */,
			);
			path = Controllers;
			sourceTree = "<group>";
		};
		252C17F02A164F56006B48BB /* View */ = {
			isa = PBXGroup;
			children = (
				252C17DF2A164BAD006B48BB /* Main.storyboard */,
			);
			path = View;
			sourceTree = "<group>";
		};
/* End PBXGroup section */

/* Begin PBXNativeTarget section */
		252C17D52A164BAC006B48BB /* FlashChatt */ = {
			isa = PBXNativeTarget;
			buildConfigurationList = 252C17EA2A164BB0006B48BB /* Build configuration list for PBXNativeTarget "FlashChatt" */;
			buildPhases = (
				252C17D22A164BAC006B48BB /* Sources */,
				252C17D32A164BAC006B48BB /* Frameworks */,
				252C17D42A164BAC006B48BB /* Resources */,
			);
			buildRules = (
			);
			dependencies = (
			);
			name = FlashChatt;
			packageProductDependencies = (
				252C17F82A165925006B48BB /* FirebaseAnalytics */,
				252C17FA2A165925006B48BB /* FirebaseAnalyticsOnDeviceConversion */,
				252C17FC2A165925006B48BB /* FirebaseAnalyticsSwift */,
				252C17FE2A165925006B48BB /* FirebaseAnalyticsWithoutAdIdSupport */,
				252C18002A165925006B48BB /* FirebaseAppCheck */,
				252C18022A165925006B48BB /* FirebaseAppDistribution-Beta */,
				252C18042A165925006B48BB /* FirebaseAuth */,
				252C18062A165925006B48BB /* FirebaseAuthCombine-Community */,
				252C18082A165925006B48BB /* FirebaseCrashlytics */,
				252C180A2A165925006B48BB /* FirebaseDatabase */,
				252C180C2A165925006B48BB /* FirebaseDatabaseSwift */,
				252C180E2A165925006B48BB /* FirebaseDynamicLinks */,
				252C18102A165925006B48BB /* FirebaseFirestore */,
				252C18122A165925006B48BB /* FirebaseFirestoreCombine-Community */,
				252C18142A165925006B48BB /* FirebaseFirestoreSwift */,
				252C18162A165925006B48BB /* FirebaseFunctions */,
				252C18182A165925006B48BB /* FirebaseFunctionsCombine-Community */,
				252C181A2A165925006B48BB /* FirebaseInAppMessaging-Beta */,
				252C181C2A165926006B48BB /* FirebaseInAppMessagingSwift-Beta */,
				252C181E2A165926006B48BB /* FirebaseInstallations */,
				252C18202A165926006B48BB /* FirebaseMLModelDownloader */,
				252C18222A165926006B48BB /* FirebaseMessaging */,
				252C18242A165926006B48BB /* FirebasePerformance */,
				252C18262A165926006B48BB /* FirebaseRemoteConfig */,
				252C18282A165926006B48BB /* FirebaseRemoteConfigSwift */,
				252C182A2A165926006B48BB /* FirebaseStorage */,
				252C182C2A165926006B48BB /* FirebaseStorageCombine-Community */,
			);
			productName = FlashChatt;
			productReference = 252C17D62A164BAD006B48BB /* FlashChatt.app */;
			productType = "com.apple.product-type.application";
		};
/* End PBXNativeTarget section */

/* Begin PBXProject section */
		252C17CE2A164BAC006B48BB /* Project object */ = {
			isa = PBXProject;
			attributes = {
				BuildIndependentTargetsInParallel = 1;
				LastSwiftUpdateCheck = 1420;
				LastUpgradeCheck = 1420;
				TargetAttributes = {
					252C17D52A164BAC006B48BB = {
						CreatedOnToolsVersion = 14.2;
					};
				};
			};
			buildConfigurationList = 252C17D12A164BAC006B48BB /* Build configuration list for PBXProject "FlashChatt" */;
			compatibilityVersion = "Xcode 14.0";
			developmentRegion = en;
			hasScannedForEncodings = 0;
			knownRegions = (
				en,
				Base,
			);
			mainGroup = 252C17CD2A164BAC006B48BB;
			packageReferences = (
				252C17F72A165925006B48BB /* XCRemoteSwiftPackageReference "firebase-ios-sdk" */,
			);
			productRefGroup = 252C17D72A164BAD006B48BB /* Products */;
			projectDirPath = "";
			projectRoot = "";
			targets = (
				252C17D52A164BAC006B48BB /* FlashChatt */,
			);
		};
/* End PBXProject section */

/* Begin PBXResourcesBuildPhase section */
		252C17D42A164BAC006B48BB /* Resources */ = {
			isa = PBXResourcesBuildPhase;
			buildActionMask = 2147483647;
			files = (
				252C17E62A164BB0006B48BB /* LaunchScreen.storyboard in Resources */,
				252C17F62A165523006B48BB /* GoogleService-Info.plist in Resources */,
				252C17E32A164BB0006B48BB /* Assets.xcassets in Resources */,
				252C17E12A164BAD006B48BB /* Main.storyboard in Resources */,
			);
			runOnlyForDeploymentPostprocessing = 0;
		};
/* End PBXResourcesBuildPhase section */

/* Begin PBXSourcesBuildPhase section */
		252C17D22A164BAC006B48BB /* Sources */ = {
			isa = PBXSourcesBuildPhase;
			buildActionMask = 2147483647;
			files = (
				252C17DA2A164BAD006B48BB /* AppDelegate.swift in Sources */,
				252C17DC2A164BAD006B48BB /* SceneDelegate.swift in Sources */,
				252C17F22A165206006B48BB /* LoginViewController.swift in Sources */,
				252C182F2A165C16006B48BB /* WelcomeViewController.swift in Sources */,
				252C17F42A1653A7006B48BB /* ChatViewController.swift in Sources */,
				252C17EF2A164F4C006B48BB /* RegisterViewController.swift in Sources */,
			);
			runOnlyForDeploymentPostprocessing = 0;
		};
/* End PBXSourcesBuildPhase section */

/* Begin PBXVariantGroup section */
		252C17DF2A164BAD006B48BB /* Main.storyboard */ = {
			isa = PBXVariantGroup;
			children = (
				252C17E02A164BAD006B48BB /* Base */,
			);
			name = Main.storyboard;
			sourceTree = "<group>";
		};
		252C17E42A164BB0006B48BB /* LaunchScreen.storyboard */ = {
			isa = PBXVariantGroup;
			children = (
				252C17E52A164BB0006B48BB /* Base */,
			);
			name = LaunchScreen.storyboard;
			sourceTree = "<group>";
		};
/* End PBXVariantGroup section */

/* Begin XCBuildConfiguration section */
		252C17E82A164BB0006B48BB /* Debug */ = {
			isa = XCBuildConfiguration;
			buildSettings = {
				ALWAYS_SEARCH_USER_PATHS = NO;
				CLANG_ANALYZER_NONNULL = YES;
				CLANG_ANALYZER_NUMBER_OBJECT_CONVERSION = YES_AGGRESSIVE;
				CLANG_CXX_LANGUAGE_STANDARD = "gnu++20";
				CLANG_ENABLE_MODULES = YES;
				CLANG_ENABLE_OBJC_ARC = YES;
				CLANG_ENABLE_OBJC_WEAK = YES;
				CLANG_WARN_BLOCK_CAPTURE_AUTORELEASING = YES;
				CLANG_WARN_BOOL_CONVERSION = YES;
				CLANG_WARN_COMMA = YES;
				CLANG_WARN_CONSTANT_CONVERSION = YES;
				CLANG_WARN_DEPRECATED_OBJC_IMPLEMENTATIONS = YES;
				CLANG_WARN_DIRECT_OBJC_ISA_USAGE = YES_ERROR;
				CLANG_WARN_DOCUMENTATION_COMMENTS = YES;
				CLANG_WARN_EMPTY_BODY = YES;
				CLANG_WARN_ENUM_CONVERSION = YES;
				CLANG_WARN_INFINITE_RECURSION = YES;
				CLANG_WARN_INT_CONVERSION = YES;
				CLANG_WARN_NON_LITERAL_NULL_CONVERSION = YES;
				CLANG_WARN_OBJC_IMPLICIT_RETAIN_SELF = YES;
				CLANG_WARN_OBJC_LITERAL_CONVERSION = YES;
				CLANG_WARN_OBJC_ROOT_CLASS = YES_ERROR;
				CLANG_WARN_QUOTED_INCLUDE_IN_FRAMEWORK_HEADER = YES;
				CLANG_WARN_RANGE_LOOP_ANALYSIS = YES;
				CLANG_WARN_STRICT_PROTOTYPES = YES;
				CLANG_WARN_SUSPICIOUS_MOVE = YES;
				CLANG_WARN_UNGUARDED_AVAILABILITY = YES_AGGRESSIVE;
				CLANG_WARN_UNREACHABLE_CODE = YES;
				CLANG_WARN__DUPLICATE_METHOD_MATCH = YES;
				COPY_PHASE_STRIP = NO;
				DEBUG_INFORMATION_FORMAT = dwarf;
				ENABLE_STRICT_OBJC_MSGSEND = YES;
				ENABLE_TESTABILITY = YES;
				GCC_C_LANGUAGE_STANDARD = gnu11;
				GCC_DYNAMIC_NO_PIC = NO;
				GCC_NO_COMMON_BLOCKS = YES;
				GCC_OPTIMIZATION_LEVEL = 0;
				GCC_PREPROCESSOR_DEFINITIONS = (
					"DEBUG=1",
					"$(inherited)",
				);
				GCC_WARN_64_TO_32_BIT_CONVERSION = YES;
				GCC_WARN_ABOUT_RETURN_TYPE = YES_ERROR;
				GCC_WARN_UNDECLARED_SELECTOR = YES;
				GCC_WARN_UNINITIALIZED_AUTOS = YES_AGGRESSIVE;
				GCC_WARN_UNUSED_FUNCTION = YES;
				GCC_WARN_UNUSED_VARIABLE = YES;
				IPHONEOS_DEPLOYMENT_TARGET = 16.2;
				MTL_ENABLE_DEBUG_INFO = INCLUDE_SOURCE;
				MTL_FAST_MATH = YES;
				ONLY_ACTIVE_ARCH = YES;
				SDKROOT = iphoneos;
				SWIFT_ACTIVE_COMPILATION_CONDITIONS = DEBUG;
				SWIFT_OPTIMIZATION_LEVEL = "-Onone";
			};
			name = Debug;
		};
		252C17E92A164BB0006B48BB /* Release */ = {
			isa = XCBuildConfiguration;
			buildSettings = {
				ALWAYS_SEARCH_USER_PATHS = NO;
				CLANG_ANALYZER_NONNULL = YES;
				CLANG_ANALYZER_NUMBER_OBJECT_CONVERSION = YES_AGGRESSIVE;
				CLANG_CXX_LANGUAGE_STANDARD = "gnu++20";
				CLANG_ENABLE_MODULES = YES;
				CLANG_ENABLE_OBJC_ARC = YES;
				CLANG_ENABLE_OBJC_WEAK = YES;
				CLANG_WARN_BLOCK_CAPTURE_AUTORELEASING = YES;
				CLANG_WARN_BOOL_CONVERSION = YES;
				CLANG_WARN_COMMA = YES;
				CLANG_WARN_CONSTANT_CONVERSION = YES;
				CLANG_WARN_DEPRECATED_OBJC_IMPLEMENTATIONS = YES;
				CLANG_WARN_DIRECT_OBJC_ISA_USAGE = YES_ERROR;
				CLANG_WARN_DOCUMENTATION_COMMENTS = YES;
				CLANG_WARN_EMPTY_BODY = YES;
				CLANG_WARN_ENUM_CONVERSION = YES;
				CLANG_WARN_INFINITE_RECURSION = YES;
				CLANG_WARN_INT_CONVERSION = YES;
				CLANG_WARN_NON_LITERAL_NULL_CONVERSION = YES;
				CLANG_WARN_OBJC_IMPLICIT_RETAIN_SELF = YES;
				CLANG_WARN_OBJC_LITERAL_CONVERSION = YES;
				CLANG_WARN_OBJC_ROOT_CLASS = YES_ERROR;
				CLANG_WARN_QUOTED_INCLUDE_IN_FRAMEWORK_HEADER = YES;
				CLANG_WARN_RANGE_LOOP_ANALYSIS = YES;
				CLANG_WARN_STRICT_PROTOTYPES = YES;
				CLANG_WARN_SUSPICIOUS_MOVE = YES;
				CLANG_WARN_UNGUARDED_AVAILABILITY = YES_AGGRESSIVE;
				CLANG_WARN_UNREACHABLE_CODE = YES;
				CLANG_WARN__DUPLICATE_METHOD_MATCH = YES;
				COPY_PHASE_STRIP = NO;
				DEBUG_INFORMATION_FORMAT = "dwarf-with-dsym";
				ENABLE_NS_ASSERTIONS = NO;
				ENABLE_STRICT_OBJC_MSGSEND = YES;
				GCC_C_LANGUAGE_STANDARD = gnu11;
				GCC_NO_COMMON_BLOCKS = YES;
				GCC_WARN_64_TO_32_BIT_CONVERSION = YES;
				GCC_WARN_ABOUT_RETURN_TYPE = YES_ERROR;
				GCC_WARN_UNDECLARED_SELECTOR = YES;
				GCC_WARN_UNINITIALIZED_AUTOS = YES_AGGRESSIVE;
				GCC_WARN_UNUSED_FUNCTION = YES;
				GCC_WARN_UNUSED_VARIABLE = YES;
				IPHONEOS_DEPLOYMENT_TARGET = 16.2;
				MTL_ENABLE_DEBUG_INFO = NO;
				MTL_FAST_MATH = YES;
				SDKROOT = iphoneos;
				SWIFT_COMPILATION_MODE = wholemodule;
				SWIFT_OPTIMIZATION_LEVEL = "-O";
				VALIDATE_PRODUCT = YES;
			};
			name = Release;
		};
		252C17EB2A164BB0006B48BB /* Debug */ = {
			isa = XCBuildConfiguration;
			buildSettings = {
				ASSETCATALOG_COMPILER_APPICON_NAME = AppIcon;
				ASSETCATALOG_COMPILER_GLOBAL_ACCENT_COLOR_NAME = AccentColor;
				CODE_SIGN_STYLE = Automatic;
				CURRENT_PROJECT_VERSION = 1;
				GENERATE_INFOPLIST_FILE = YES;
				INFOPLIST_FILE = FlashChatt/Info.plist;
				INFOPLIST_KEY_UIApplicationSupportsIndirectInputEvents = YES;
				INFOPLIST_KEY_UILaunchStoryboardName = LaunchScreen;
				INFOPLIST_KEY_UIMainStoryboardFile = Main;
				INFOPLIST_KEY_UISupportedInterfaceOrientations_iPad = "UIInterfaceOrientationPortrait UIInterfaceOrientationPortraitUpsideDown UIInterfaceOrientationLandscapeLeft UIInterfaceOrientationLandscapeRight";
				INFOPLIST_KEY_UISupportedInterfaceOrientations_iPhone = "UIInterfaceOrientationPortrait UIInterfaceOrientationLandscapeLeft UIInterfaceOrientationLandscapeRight";
				LD_RUNPATH_SEARCH_PATHS = (
					"$(inherited)",
					"@executable_path/Frameworks",
				);
				MARKETING_VERSION = 1.0;
				PRODUCT_BUNDLE_IDENTIFIER = gogina.FlashChatt;
				PRODUCT_NAME = "$(TARGET_NAME)";
				SWIFT_EMIT_LOC_STRINGS = YES;
				SWIFT_VERSION = 5.0;
				TARGETED_DEVICE_FAMILY = "1,2";
			};
			name = Debug;
		};
		252C17EC2A164BB0006B48BB /* Release */ = {
			isa = XCBuildConfiguration;
			buildSettings = {
				ASSETCATALOG_COMPILER_APPICON_NAME = AppIcon;
				ASSETCATALOG_COMPILER_GLOBAL_ACCENT_COLOR_NAME = AccentColor;
				CODE_SIGN_STYLE = Automatic;
				CURRENT_PROJECT_VERSION = 1;
				GENERATE_INFOPLIST_FILE = YES;
				INFOPLIST_FILE = FlashChatt/Info.plist;
				INFOPLIST_KEY_UIApplicationSupportsIndirectInputEvents = YES;
				INFOPLIST_KEY_UILaunchStoryboardName = LaunchScreen;
				INFOPLIST_KEY_UIMainStoryboardFile = Main;
				INFOPLIST_KEY_UISupportedInterfaceOrientations_iPad = "UIInterfaceOrientationPortrait UIInterfaceOrientationPortraitUpsideDown UIInterfaceOrientationLandscapeLeft UIInterfaceOrientationLandscapeRight";
				INFOPLIST_KEY_UISupportedInterfaceOrientations_iPhone = "UIInterfaceOrientationPortrait UIInterfaceOrientationLandscapeLeft UIInterfaceOrientationLandscapeRight";
				LD_RUNPATH_SEARCH_PATHS = (
					"$(inherited)",
					"@executable_path/Frameworks",
				);
				MARKETING_VERSION = 1.0;
				PRODUCT_BUNDLE_IDENTIFIER = gogina.FlashChatt;
				PRODUCT_NAME = "$(TARGET_NAME)";
				SWIFT_EMIT_LOC_STRINGS = YES;
				SWIFT_VERSION = 5.0;
				TARGETED_DEVICE_FAMILY = "1,2";
			};
			name = Release;
		};
/* End XCBuildConfiguration section */

/* Begin XCConfigurationList section */
		252C17D12A164BAC006B48BB /* Build configuration list for PBXProject "FlashChatt" */ = {
			isa = XCConfigurationList;
			buildConfigurations = (
				252C17E82A164BB0006B48BB /* Debug */,
				252C17E92A164BB0006B48BB /* Release */,
			);
			defaultConfigurationIsVisible = 0;
			defaultConfigurationName = Release;
		};
		252C17EA2A164BB0006B48BB /* Build configuration list for PBXNativeTarget "FlashChatt" */ = {
			isa = XCConfigurationList;
			buildConfigurations = (
				252C17EB2A164BB0006B48BB /* Debug */,
				252C17EC2A164BB0006B48BB /* Release */,
			);
			defaultConfigurationIsVisible = 0;
			defaultConfigurationName = Release;
		};
/* End XCConfigurationList section */

/* Begin XCRemoteSwiftPackageReference section */
		252C17F72A165925006B48BB /* XCRemoteSwiftPackageReference "firebase-ios-sdk" */ = {
			isa = XCRemoteSwiftPackageReference;
			repositoryURL = "https://github.com/firebase/firebase-ios-sdk";
			requirement = {
				kind = upToNextMajorVersion;
				minimumVersion = 9.0.0;
			};
		};
/* End XCRemoteSwiftPackageReference section */

/* Begin XCSwiftPackageProductDependency section */
		252C17F82A165925006B48BB /* FirebaseAnalytics */ = {
			isa = XCSwiftPackageProductDependency;
			package = 252C17F72A165925006B48BB /* XCRemoteSwiftPackageReference "firebase-ios-sdk" */;
			productName = FirebaseAnalytics;
		};
		252C17FA2A165925006B48BB /* FirebaseAnalyticsOnDeviceConversion */ = {
			isa = XCSwiftPackageProductDependency;
			package = 252C17F72A165925006B48BB /* XCRemoteSwiftPackageReference "firebase-ios-sdk" */;
			productName = FirebaseAnalyticsOnDeviceConversion;
		};
		252C17FC2A165925006B48BB /* FirebaseAnalyticsSwift */ = {
			isa = XCSwiftPackageProductDependency;
			package = 252C17F72A165925006B48BB /* XCRemoteSwiftPackageReference "firebase-ios-sdk" */;
			productName = FirebaseAnalyticsSwift;
		};
		252C17FE2A165925006B48BB /* FirebaseAnalyticsWithoutAdIdSupport */ = {
			isa = XCSwiftPackageProductDependency;
			package = 252C17F72A165925006B48BB /* XCRemoteSwiftPackageReference "firebase-ios-sdk" */;
			productName = FirebaseAnalyticsWithoutAdIdSupport;
		};
		252C18002A165925006B48BB /* FirebaseAppCheck */ = {
			isa = XCSwiftPackageProductDependency;
			package = 252C17F72A165925006B48BB /* XCRemoteSwiftPackageReference "firebase-ios-sdk" */;
			productName = FirebaseAppCheck;
		};
		252C18022A165925006B48BB /* FirebaseAppDistribution-Beta */ = {
			isa = XCSwiftPackageProductDependency;
			package = 252C17F72A165925006B48BB /* XCRemoteSwiftPackageReference "firebase-ios-sdk" */;
			productName = "FirebaseAppDistribution-Beta";
		};
		252C18042A165925006B48BB /* FirebaseAuth */ = {
			isa = XCSwiftPackageProductDependency;
			package = 252C17F72A165925006B48BB /* XCRemoteSwiftPackageReference "firebase-ios-sdk" */;
			productName = FirebaseAuth;
		};
		252C18062A165925006B48BB /* FirebaseAuthCombine-Community */ = {
			isa = XCSwiftPackageProductDependency;
			package = 252C17F72A165925006B48BB /* XCRemoteSwiftPackageReference "firebase-ios-sdk" */;
			productName = "FirebaseAuthCombine-Community";
		};
		252C18082A165925006B48BB /* FirebaseCrashlytics */ = {
			isa = XCSwiftPackageProductDependency;
			package = 252C17F72A165925006B48BB /* XCRemoteSwiftPackageReference "firebase-ios-sdk" */;
			productName = FirebaseCrashlytics;
		};
		252C180A2A165925006B48BB /* FirebaseDatabase */ = {
			isa = XCSwiftPackageProductDependency;
			package = 252C17F72A165925006B48BB /* XCRemoteSwiftPackageReference "firebase-ios-sdk" */;
			productName = FirebaseDatabase;
		};
		252C180C2A165925006B48BB /* FirebaseDatabaseSwift */ = {
			isa = XCSwiftPackageProductDependency;
			package = 252C17F72A165925006B48BB /* XCRemoteSwiftPackageReference "firebase-ios-sdk" */;
			productName = FirebaseDatabaseSwift;
		};
		252C180E2A165925006B48BB /* FirebaseDynamicLinks */ = {
			isa = XCSwiftPackageProductDependency;
			package = 252C17F72A165925006B48BB /* XCRemoteSwiftPackageReference "firebase-ios-sdk" */;
			productName = FirebaseDynamicLinks;
		};
		252C18102A165925006B48BB /* FirebaseFirestore */ = {
			isa = XCSwiftPackageProductDependency;
			package = 252C17F72A165925006B48BB /* XCRemoteSwiftPackageReference "firebase-ios-sdk" */;
			productName = FirebaseFirestore;
		};
		252C18122A165925006B48BB /* FirebaseFirestoreCombine-Community */ = {
			isa = XCSwiftPackageProductDependency;
			package = 252C17F72A165925006B48BB /* XCRemoteSwiftPackageReference "firebase-ios-sdk" */;
			productName = "FirebaseFirestoreCombine-Community";
		};
		252C18142A165925006B48BB /* FirebaseFirestoreSwift */ = {
			isa = XCSwiftPackageProductDependency;
			package = 252C17F72A165925006B48BB /* XCRemoteSwiftPackageReference "firebase-ios-sdk" */;
			productName = FirebaseFirestoreSwift;
		};
		252C18162A165925006B48BB /* FirebaseFunctions */ = {
			isa = XCSwiftPackageProductDependency;
			package = 252C17F72A165925006B48BB /* XCRemoteSwiftPackageReference "firebase-ios-sdk" */;
			productName = FirebaseFunctions;
		};
		252C18182A165925006B48BB /* FirebaseFunctionsCombine-Community */ = {
			isa = XCSwiftPackageProductDependency;
			package = 252C17F72A165925006B48BB /* XCRemoteSwiftPackageReference "firebase-ios-sdk" */;
			productName = "FirebaseFunctionsCombine-Community";
		};
		252C181A2A165925006B48BB /* FirebaseInAppMessaging-Beta */ = {
			isa = XCSwiftPackageProductDependency;
			package = 252C17F72A165925006B48BB /* XCRemoteSwiftPackageReference "firebase-ios-sdk" */;
			productName = "FirebaseInAppMessaging-Beta";
		};
		252C181C2A165926006B48BB /* FirebaseInAppMessagingSwift-Beta */ = {
			isa = XCSwiftPackageProductDependency;
			package = 252C17F72A165925006B48BB /* XCRemoteSwiftPackageReference "firebase-ios-sdk" */;
			productName = "FirebaseInAppMessagingSwift-Beta";
		};
		252C181E2A165926006B48BB /* FirebaseInstallations */ = {
			isa = XCSwiftPackageProductDependency;
			package = 252C17F72A165925006B48BB /* XCRemoteSwiftPackageReference "firebase-ios-sdk" */;
			productName = FirebaseInstallations;
		};
		252C18202A165926006B48BB /* FirebaseMLModelDownloader */ = {
			isa = XCSwiftPackageProductDependency;
			package = 252C17F72A165925006B48BB /* XCRemoteSwiftPackageReference "firebase-ios-sdk" */;
			productName = FirebaseMLModelDownloader;
		};
		252C18222A165926006B48BB /* FirebaseMessaging */ = {
			isa = XCSwiftPackageProductDependency;
			package = 252C17F72A165925006B48BB /* XCRemoteSwiftPackageReference "firebase-ios-sdk" */;
			productName = FirebaseMessaging;
		};
		252C18242A165926006B48BB /* FirebasePerformance */ = {
			isa = XCSwiftPackageProductDependency;
			package = 252C17F72A165925006B48BB /* XCRemoteSwiftPackageReference "firebase-ios-sdk" */;
			productName = FirebasePerformance;
		};
		252C18262A165926006B48BB /* FirebaseRemoteConfig */ = {
			isa = XCSwiftPackageProductDependency;
			package = 252C17F72A165925006B48BB /* XCRemoteSwiftPackageReference "firebase-ios-sdk" */;
			productName = FirebaseRemoteConfig;
		};
		252C18282A165926006B48BB /* FirebaseRemoteConfigSwift */ = {
			isa = XCSwiftPackageProductDependency;
			package = 252C17F72A165925006B48BB /* XCRemoteSwiftPackageReference "firebase-ios-sdk" */;
			productName = FirebaseRemoteConfigSwift;
		};
		252C182A2A165926006B48BB /* FirebaseStorage */ = {
			isa = XCSwiftPackageProductDependency;
			package = 252C17F72A165925006B48BB /* XCRemoteSwiftPackageReference "firebase-ios-sdk" */;
			productName = FirebaseStorage;
		};
		252C182C2A165926006B48BB /* FirebaseStorageCombine-Community */ = {
			isa = XCSwiftPackageProductDependency;
			package = 252C17F72A165925006B48BB /* XCRemoteSwiftPackageReference "firebase-ios-sdk" */;
			productName = "FirebaseStorageCombine-Community";
		};
/* End XCSwiftPackageProductDependency section */
	};
	rootObject = 252C17CE2A164BAC006B48BB /* Project object */;
}
